
Microsoft Visual Studio Solution File, Format Version 12.00
# SQL Server Management Studio Version 21
VisualStudioVersion = 17.14.36603.0
MinimumVisualStudioVersion = 10.0.40219.1
Project("{4F2E2C19-372F-40D8-9FA7-9D2138C6997A}") = "Scripts", "Scripts\Scripts.ssmssqlproj", "{52D33DF5-2D02-814D-A3AB-C8435C5830DF}"
EndProject
Global
	GlobalSection(SolutionConfigurationPlatforms) = preSolution
		Default|Default = Default|Default
	EndGlobalSection
	GlobalSection(ProjectConfigurationPlatforms) = postSolution
		{52D33DF5-2D02-814D-A3AB-C8435C5830DF}.Default|Default.ActiveCfg = Default
		{65F8AC69-A246-4A59-8BFC-FF13D6F6ED41}.Default|Default.ActiveCfg = Default
	EndGlobalSection
	GlobalSection(SolutionProperties) = preSolution
		HideSolutionNode = FALSE
	EndGlobalSection
	GlobalSection(ExtensibilityGlobals) = postSolution
		SolutionGuid = {CC6E26A8-015A-4ADE-B2BE-69966ACF8B0F}
	EndGlobalSection
EndGlobal
