
Microsoft Visual Studio Solution File, Format Version 12.00
# Visual Studio Version 17
VisualStudioVersion = 17.14.36414.22
MinimumVisualStudioVersion = 10.0.40219.1
Project("{FAE04EC0-301F-11D3-BF4B-00C04F79EFBC}") = "First", "First\First.csproj", "{DBFFBA1C-05ED-4713-973E-752A9AE22F32}"
EndProject
Project("{FAE04EC0-301F-11D3-BF4B-00C04F79EFBC}") = "Second", "Second\Second.csproj", "{57B6B8B5-F0F6-4D5A-9325-1CB48B5790C5}"
EndProject
Project("{FAE04EC0-301F-11D3-BF4B-00C04F79EFBC}") = "Third", "Third\Third.csproj", "{B52C2C94-8C77-4B10-9593-A5DDB9319F44}"
EndProject
Project("{FAE04EC0-301F-11D3-BF4B-00C04F79EFBC}") = "Fourth", "Fourth\Fourth.csproj", "{1CDBCB4C-CA30-403B-9970-4035B1C1DB12}"
EndProject
Project("{FAE04EC0-301F-11D3-BF4B-00C04F79EFBC}") = "Five", "Five\Five.csproj", "{D6413E80-9027-4804-BF82-F26C8712C50B}"
EndProject
Project("{FAE04EC0-301F-11D3-BF4B-00C04F79EFBC}") = "Algorithms", "Algorithms\Algorithms.csproj", "{C6114C8E-E9A6-4B00-8472-92F11FB7CFF4}"
EndProject
Project("{FAE04EC0-301F-11D3-BF4B-00C04F79EFBC}") = "Six", "Six\Six.csproj", "{28F569E8-2CA5-4E06-967A-FDB8973694A1}"
EndProject
Project("{FAE04EC0-301F-11D3-BF4B-00C04F79EFBC}") = "Seven", "Seven\Seven.csproj", "{3D9102FE-BAA5-4B1B-962E-1FEE18B0D4B4}"
EndProject
Project("{FAE04EC0-301F-11D3-BF4B-00C04F79EFBC}") = "Eight", "Eight\Eight.csproj", "{AEABA97A-F4BA-4474-A0C7-A076426DAD45}"
EndProject
Project("{FAE04EC0-301F-11D3-BF4B-00C04F79EFBC}") = "Nine", "Nine\Nine.csproj", "{37F3ACE4-0F2F-488E-BDAC-C37F5E7E2817}"
EndProject
Project("{FAE04EC0-301F-11D3-BF4B-00C04F79EFBC}") = "Ten", "Ten\Ten.csproj", "{32FD4F05-E394-43F8-AF1C-5542D03A1C7A}"
EndProject
Project("{FAE04EC0-301F-11D3-BF4B-00C04F79EFBC}") = "Eleven", "Eleven\Eleven.csproj", "{C062B4B3-416F-4103-8784-660421A1A784}"
EndProject
Project("{FAE04EC0-301F-11D3-BF4B-00C04F79EFBC}") = "Twelve", "Twelve\Twelve.csproj", "{70983735-04A4-4829-903D-BB7A3B63F515}"
EndProject
Project("{FAE04EC0-301F-11D3-BF4B-00C04F79EFBC}") = "Thirteen", "Thirteen\Thirteen.csproj", "{ACA841E8-77F7-4B11-A207-4478072A8D69}"
EndProject
Global
	GlobalSection(SolutionConfigurationPlatforms) = preSolution
		Debug|Any CPU = Debug|Any CPU
		Release|Any CPU = Release|Any CPU
	EndGlobalSection
	GlobalSection(ProjectConfigurationPlatforms) = postSolution
		{DBFFBA1C-05ED-4713-973E-752A9AE22F32}.Debug|Any CPU.ActiveCfg = Debug|Any CPU
		{DBFFBA1C-05ED-4713-973E-752A9AE22F32}.Debug|Any CPU.Build.0 = Debug|Any CPU
		{DBFFBA1C-05ED-4713-973E-752A9AE22F32}.Release|Any CPU.ActiveCfg = Release|Any CPU
		{DBFFBA1C-05ED-4713-973E-752A9AE22F32}.Release|Any CPU.Build.0 = Release|Any CPU
		{57B6B8B5-F0F6-4D5A-9325-1CB48B5790C5}.Debug|Any CPU.ActiveCfg = Debug|Any CPU
		{57B6B8B5-F0F6-4D5A-9325-1CB48B5790C5}.Debug|Any CPU.Build.0 = Debug|Any CPU
		{57B6B8B5-F0F6-4D5A-9325-1CB48B5790C5}.Release|Any CPU.ActiveCfg = Release|Any CPU
		{57B6B8B5-F0F6-4D5A-9325-1CB48B5790C5}.Release|Any CPU.Build.0 = Release|Any CPU
		{B52C2C94-8C77-4B10-9593-A5DDB9319F44}.Debug|Any CPU.ActiveCfg = Debug|Any CPU
		{B52C2C94-8C77-4B10-9593-A5DDB9319F44}.Debug|Any CPU.Build.0 = Debug|Any CPU
		{B52C2C94-8C77-4B10-9593-A5DDB9319F44}.Release|Any CPU.ActiveCfg = Release|Any CPU
		{B52C2C94-8C77-4B10-9593-A5DDB9319F44}.Release|Any CPU.Build.0 = Release|Any CPU
		{1CDBCB4C-CA30-403B-9970-4035B1C1DB12}.Debug|Any CPU.ActiveCfg = Debug|Any CPU
		{1CDBCB4C-CA30-403B-9970-4035B1C1DB12}.Debug|Any CPU.Build.0 = Debug|Any CPU
		{1CDBCB4C-CA30-403B-9970-4035B1C1DB12}.Release|Any CPU.ActiveCfg = Release|Any CPU
		{1CDBCB4C-CA30-403B-9970-4035B1C1DB12}.Release|Any CPU.Build.0 = Release|Any CPU
		{D6413E80-9027-4804-BF82-F26C8712C50B}.Debug|Any CPU.ActiveCfg = Debug|Any CPU
		{D6413E80-9027-4804-BF82-F26C8712C50B}.Debug|Any CPU.Build.0 = Debug|Any CPU
		{D6413E80-9027-4804-BF82-F26C8712C50B}.Release|Any CPU.ActiveCfg = Release|Any CPU
		{D6413E80-9027-4804-BF82-F26C8712C50B}.Release|Any CPU.Build.0 = Release|Any CPU
		{C6114C8E-E9A6-4B00-8472-92F11FB7CFF4}.Debug|Any CPU.ActiveCfg = Debug|Any CPU
		{C6114C8E-E9A6-4B00-8472-92F11FB7CFF4}.Debug|Any CPU.Build.0 = Debug|Any CPU
		{C6114C8E-E9A6-4B00-8472-92F11FB7CFF4}.Release|Any CPU.ActiveCfg = Release|Any CPU
		{C6114C8E-E9A6-4B00-8472-92F11FB7CFF4}.Release|Any CPU.Build.0 = Release|Any CPU
		{28F569E8-2CA5-4E06-967A-FDB8973694A1}.Debug|Any CPU.ActiveCfg = Debug|Any CPU
		{28F569E8-2CA5-4E06-967A-FDB8973694A1}.Debug|Any CPU.Build.0 = Debug|Any CPU
		{28F569E8-2CA5-4E06-967A-FDB8973694A1}.Release|Any CPU.ActiveCfg = Release|Any CPU
		{28F569E8-2CA5-4E06-967A-FDB8973694A1}.Release|Any CPU.Build.0 = Release|Any CPU
		{3D9102FE-BAA5-4B1B-962E-1FEE18B0D4B4}.Debug|Any CPU.ActiveCfg = Debug|Any CPU
		{3D9102FE-BAA5-4B1B-962E-1FEE18B0D4B4}.Debug|Any CPU.Build.0 = Debug|Any CPU
		{3D9102FE-BAA5-4B1B-962E-1FEE18B0D4B4}.Release|Any CPU.ActiveCfg = Release|Any CPU
		{3D9102FE-BAA5-4B1B-962E-1FEE18B0D4B4}.Release|Any CPU.Build.0 = Release|Any CPU
		{AEABA97A-F4BA-4474-A0C7-A076426DAD45}.Debug|Any CPU.ActiveCfg = Debug|Any CPU
		{AEABA97A-F4BA-4474-A0C7-A076426DAD45}.Debug|Any CPU.Build.0 = Debug|Any CPU
		{AEABA97A-F4BA-4474-A0C7-A076426DAD45}.Release|Any CPU.ActiveCfg = Release|Any CPU
		{AEABA97A-F4BA-4474-A0C7-A076426DAD45}.Release|Any CPU.Build.0 = Release|Any CPU
		{37F3ACE4-0F2F-488E-BDAC-C37F5E7E2817}.Debug|Any CPU.ActiveCfg = Debug|Any CPU
		{37F3ACE4-0F2F-488E-BDAC-C37F5E7E2817}.Debug|Any CPU.Build.0 = Debug|Any CPU
		{37F3ACE4-0F2F-488E-BDAC-C37F5E7E2817}.Release|Any CPU.ActiveCfg = Release|Any CPU
		{37F3ACE4-0F2F-488E-BDAC-C37F5E7E2817}.Release|Any CPU.Build.0 = Release|Any CPU
		{32FD4F05-E394-43F8-AF1C-5542D03A1C7A}.Debug|Any CPU.ActiveCfg = Debug|Any CPU
		{32FD4F05-E394-43F8-AF1C-5542D03A1C7A}.Debug|Any CPU.Build.0 = Debug|Any CPU
		{32FD4F05-E394-43F8-AF1C-5542D03A1C7A}.Release|Any CPU.ActiveCfg = Release|Any CPU
		{32FD4F05-E394-43F8-AF1C-5542D03A1C7A}.Release|Any CPU.Build.0 = Release|Any CPU
		{C062B4B3-416F-4103-8784-660421A1A784}.Debug|Any CPU.ActiveCfg = Debug|Any CPU
		{C062B4B3-416F-4103-8784-660421A1A784}.Debug|Any CPU.Build.0 = Debug|Any CPU
		{C062B4B3-416F-4103-8784-660421A1A784}.Release|Any CPU.ActiveCfg = Release|Any CPU
		{C062B4B3-416F-4103-8784-660421A1A784}.Release|Any CPU.Build.0 = Release|Any CPU
		{70983735-04A4-4829-903D-BB7A3B63F515}.Debug|Any CPU.ActiveCfg = Debug|Any CPU
		{70983735-04A4-4829-903D-BB7A3B63F515}.Debug|Any CPU.Build.0 = Debug|Any CPU
		{70983735-04A4-4829-903D-BB7A3B63F515}.Release|Any CPU.ActiveCfg = Release|Any CPU
		{70983735-04A4-4829-903D-BB7A3B63F515}.Release|Any CPU.Build.0 = Release|Any CPU
		{ACA841E8-77F7-4B11-A207-4478072A8D69}.Debug|Any CPU.ActiveCfg = Debug|Any CPU
		{ACA841E8-77F7-4B11-A207-4478072A8D69}.Debug|Any CPU.Build.0 = Debug|Any CPU
		{ACA841E8-77F7-4B11-A207-4478072A8D69}.Release|Any CPU.ActiveCfg = Release|Any CPU
		{ACA841E8-77F7-4B11-A207-4478072A8D69}.Release|Any CPU.Build.0 = Release|Any CPU
	EndGlobalSection
	GlobalSection(SolutionProperties) = preSolution
		HideSolutionNode = FALSE
	EndGlobalSection
	GlobalSection(ExtensibilityGlobals) = postSolution
		SolutionGuid = {BE9EBB78-764A-4BF8-B56D-F067A337D66C}
	EndGlobalSection
EndGlobal
