
Microsoft Visual Studio Solution File, Format Version 12.00
# Visual Studio Version 18
VisualStudioVersion = 18.1.11312.151
MinimumVisualStudioVersion = 10.0.40219.1
Project("{FAE04EC0-301F-11D3-BF4B-00C04F79EFBC}") = "First", "First\First.csproj", "{DBFFBA1C-05ED-4713-973E-752A9AE22F32}"
EndProject
Project("{FAE04EC0-301F-11D3-BF4B-00C04F79EFBC}") = "Second", "Second\Second.csproj", "{57B6B8B5-F0F6-4D5A-9325-1CB48B5790C5}"
EndProject
Project("{FAE04EC0-301F-11D3-BF4B-00C04F79EFBC}") = "Third", "Third\Third.csproj", "{B52C2C94-8C77-4B10-9593-A5DDB9319F44}"
EndProject
Project("{FAE04EC0-301F-11D3-BF4B-00C04F79EFBC}") = "Fourth", "Fourth\Fourth.csproj", "{1CDBCB4C-CA30-403B-9970-4035B1C1DB12}"
EndProject
Project("{FAE04EC0-301F-11D3-BF4B-00C04F79EFBC}") = "Five", "Five\Five.csproj", "{D6413E80-9027-4804-BF82-F26C8712C50B}"
EndProject
Project("{FAE04EC0-301F-11D3-BF4B-00C04F79EFBC}") = "Algorithms", "Algorithms\Algorithms.csproj", "{C6114C8E-E9A6-4B00-8472-92F11FB7CFF4}"
EndProject
Project("{FAE04EC0-301F-11D3-BF4B-00C04F79EFBC}") = "Six", "Six\Six.csproj", "{28F569E8-2CA5-4E06-967A-FDB8973694A1}"
EndProject
Project("{FAE04EC0-301F-11D3-BF4B-00C04F79EFBC}") = "Seven", "Seven\Seven.csproj", "{3D9102FE-BAA5-4B1B-962E-1FEE18B0D4B4}"
EndProject
Project("{FAE04EC0-301F-11D3-BF4B-00C04F79EFBC}") = "Eight", "Eight\Eight.csproj", "{AEABA97A-F4BA-4474-A0C7-A076426DAD45}"
EndProject
Project("{FAE04EC0-301F-11D3-BF4B-00C04F79EFBC}") = "Nine", "Nine\Nine.csproj", "{37F3ACE4-0F2F-488E-BDAC-C37F5E7E2817}"
EndProject
Project("{FAE04EC0-301F-11D3-BF4B-00C04F79EFBC}") = "Ten", "Ten\Ten.csproj", "{32FD4F05-E394-43F8-AF1C-5542D03A1C7A}"
EndProject
Project("{FAE04EC0-301F-11D3-BF4B-00C04F79EFBC}") = "Eleven", "Eleven\Eleven.csproj", "{C062B4B3-416F-4103-8784-660421A1A784}"
EndProject
Project("{FAE04EC0-301F-11D3-BF4B-00C04F79EFBC}") = "Twelve", "Twelve\Twelve.csproj", "{70983735-04A4-4829-903D-BB7A3B63F515}"
EndProject
Project("{FAE04EC0-301F-11D3-BF4B-00C04F79EFBC}") = "Thirteen", "Thirteen\Thirteen.csproj", "{ACA841E8-77F7-4B11-A207-4478072A8D69}"
EndProject
Project("{FAE04EC0-301F-11D3-BF4B-00C04F79EFBC}") = "Fourteen", "Fourteen\Fourteen.csproj", "{9C854015-ECB5-4F1D-B784-54167AC556B6}"
EndProject
Project("{2150E333-8FDC-42A3-9474-1A3956D46DE8}") = "TinyBank", "TinyBank", "{02EA681E-C7D8-13C7-8484-4AC65E1B71E8}"
EndProject
Project("{FAE04EC0-301F-11D3-BF4B-00C04F79EFBC}") = "TinyBank.Data", "TinyBank.Data\TinyBank.Data.csproj", "{4E7F981A-DCCF-4761-9A3F-CA6A138F0FFF}"
EndProject
Project("{FAE04EC0-301F-11D3-BF4B-00C04F79EFBC}") = "TinyBank.Repository", "TinyBank.Repository\TinyBank.Repository.csproj", "{A8930937-AF04-4435-B9DD-C58776E7987A}"
EndProject
Project("{FAE04EC0-301F-11D3-BF4B-00C04F79EFBC}") = "TinyBank.Service", "TinyBank.Service\TinyBank.Service.csproj", "{06FCAA57-9150-449A-981B-557A6D9BED41}"
EndProject
Project("{FAE04EC0-301F-11D3-BF4B-00C04F79EFBC}") = "Fifteen", "Fifteen\Fifteen.csproj", "{5DE64E6D-79A5-45D4-8858-11AF1C808C7C}"
EndProject
Project("{FAE04EC0-301F-11D3-BF4B-00C04F79EFBC}") = "Sixteen", "Sixteen\Sixteen.csproj", "{3D2A7809-C251-4B00-98B5-7549B7BE3A47}"
EndProject
Project("{FAE04EC0-301F-11D3-BF4B-00C04F79EFBC}") = "Algorithms.Tests", "Algorithms.Tests\Algorithms.Tests.csproj", "{BB05D322-A7E0-47F1-AD11-CD41370EE9DE}"
EndProject
Project("{FAE04EC0-301F-11D3-BF4B-00C04F79EFBC}") = "Seventeen", "Seventeen\Seventeen.csproj", "{1B96F486-CF4F-4DD8-83F8-C92F2192DAF9}"
EndProject
Project("{FAE04EC0-301F-11D3-BF4B-00C04F79EFBC}") = "TinyBank.Tests", "TinyBank.Tests\TinyBank.Tests.csproj", "{7613A7DA-BDC7-4085-A7BF-D1CA944732B9}"
EndProject
Project("{FAE04EC0-301F-11D3-BF4B-00C04F79EFBC}") = "Twenty.ConsoleApp", "Twenty.ConsoleApp\Twenty.ConsoleApp.csproj", "{9F073370-41F8-4D22-94DD-7A4662D513D9}"
EndProject
Project("{FAE04EC0-301F-11D3-BF4B-00C04F79EFBC}") = "Twenty.WinformsApp", "Twenty.WinformsApp\Twenty.WinformsApp.csproj", "{23777BEB-6116-4914-A809-ACDF762557C5}"
EndProject
Project("{FAE04EC0-301F-11D3-BF4B-00C04F79EFBC}") = "TinyBank.WinformsApp", "TinyBank.WinformsApp\TinyBank.WinformsApp.csproj", "{E101D600-8961-4D7C-9B52-2F11AFDADCF5}"
EndProject
Project("{FAE04EC0-301F-11D3-BF4B-00C04F79EFBC}") = "XMLConsoleApp", "XMLConsoleApp\XMLConsoleApp.csproj", "{1F560DD9-67BF-4C47-BBF9-2ED1784A14AA}"
EndProject
Project("{FAE04EC0-301F-11D3-BF4B-00C04F79EFBC}") = "TwentyOne", "TwentyOne\TwentyOne.csproj", "{36F0044A-6451-4309-ABE2-266E4D39BD17}"
EndProject
Project("{2150E333-8FDC-42A3-9474-1A3956D46DE8}") = "Part1", "Part1", "{471A896F-EE13-4BA4-90E2-DD87B047836C}"
EndProject
Project("{FAE04EC0-301F-11D3-BF4B-00C04F79EFBC}") = "AdoNetTutorial", "AdoNetTutorial\AdoNetTutorial.csproj", "{EB157705-8B83-3077-3B53-648DC7ABD3B3}"
EndProject
Project("{FAE04EC0-301F-11D3-BF4B-00C04F79EFBC}") = "EFCoreTutorial", "EFCoreTutorial\EFCoreTutorial.csproj", "{3B0194CC-6C11-4008-A3BD-A326C533AC53}"
EndProject
Project("{FAE04EC0-301F-11D3-BF4B-00C04F79EFBC}") = "EFCoreTableRelationsTutorial", "EFCoreTableRelationsTutorial\EFCoreTableRelationsTutorial.csproj", "{5B3B7EFB-FC73-4060-91B0-28A8334053D2}"
EndProject
Global
	GlobalSection(SolutionConfigurationPlatforms) = preSolution
		Debug|Any CPU = Debug|Any CPU
		Default|Any CPU = Default|Any CPU
		Release|Any CPU = Release|Any CPU
	EndGlobalSection
	GlobalSection(ProjectConfigurationPlatforms) = postSolution
		{DBFFBA1C-05ED-4713-973E-752A9AE22F32}.Debug|Any CPU.ActiveCfg = Debug|Any CPU
		{DBFFBA1C-05ED-4713-973E-752A9AE22F32}.Debug|Any CPU.Build.0 = Debug|Any CPU
		{DBFFBA1C-05ED-4713-973E-752A9AE22F32}.Default|Any CPU.ActiveCfg = Release|Any CPU
		{DBFFBA1C-05ED-4713-973E-752A9AE22F32}.Release|Any CPU.ActiveCfg = Release|Any CPU
		{DBFFBA1C-05ED-4713-973E-752A9AE22F32}.Release|Any CPU.Build.0 = Release|Any CPU
		{57B6B8B5-F0F6-4D5A-9325-1CB48B5790C5}.Debug|Any CPU.ActiveCfg = Debug|Any CPU
		{57B6B8B5-F0F6-4D5A-9325-1CB48B5790C5}.Debug|Any CPU.Build.0 = Debug|Any CPU
		{57B6B8B5-F0F6-4D5A-9325-1CB48B5790C5}.Default|Any CPU.ActiveCfg = Release|Any CPU
		{57B6B8B5-F0F6-4D5A-9325-1CB48B5790C5}.Release|Any CPU.ActiveCfg = Release|Any CPU
		{57B6B8B5-F0F6-4D5A-9325-1CB48B5790C5}.Release|Any CPU.Build.0 = Release|Any CPU
		{B52C2C94-8C77-4B10-9593-A5DDB9319F44}.Debug|Any CPU.ActiveCfg = Debug|Any CPU
		{B52C2C94-8C77-4B10-9593-A5DDB9319F44}.Debug|Any CPU.Build.0 = Debug|Any CPU
		{B52C2C94-8C77-4B10-9593-A5DDB9319F44}.Default|Any CPU.ActiveCfg = Release|Any CPU
		{B52C2C94-8C77-4B10-9593-A5DDB9319F44}.Release|Any CPU.ActiveCfg = Release|Any CPU
		{B52C2C94-8C77-4B10-9593-A5DDB9319F44}.Release|Any CPU.Build.0 = Release|Any CPU
		{1CDBCB4C-CA30-403B-9970-4035B1C1DB12}.Debug|Any CPU.ActiveCfg = Debug|Any CPU
		{1CDBCB4C-CA30-403B-9970-4035B1C1DB12}.Debug|Any CPU.Build.0 = Debug|Any CPU
		{1CDBCB4C-CA30-403B-9970-4035B1C1DB12}.Default|Any CPU.ActiveCfg = Release|Any CPU
		{1CDBCB4C-CA30-403B-9970-4035B1C1DB12}.Release|Any CPU.ActiveCfg = Release|Any CPU
		{1CDBCB4C-CA30-403B-9970-4035B1C1DB12}.Release|Any CPU.Build.0 = Release|Any CPU
		{D6413E80-9027-4804-BF82-F26C8712C50B}.Debug|Any CPU.ActiveCfg = Debug|Any CPU
		{D6413E80-9027-4804-BF82-F26C8712C50B}.Debug|Any CPU.Build.0 = Debug|Any CPU
		{D6413E80-9027-4804-BF82-F26C8712C50B}.Default|Any CPU.ActiveCfg = Release|Any CPU
		{D6413E80-9027-4804-BF82-F26C8712C50B}.Release|Any CPU.ActiveCfg = Release|Any CPU
		{D6413E80-9027-4804-BF82-F26C8712C50B}.Release|Any CPU.Build.0 = Release|Any CPU
		{C6114C8E-E9A6-4B00-8472-92F11FB7CFF4}.Debug|Any CPU.ActiveCfg = Debug|Any CPU
		{C6114C8E-E9A6-4B00-8472-92F11FB7CFF4}.Debug|Any CPU.Build.0 = Debug|Any CPU
		{C6114C8E-E9A6-4B00-8472-92F11FB7CFF4}.Default|Any CPU.ActiveCfg = Release|Any CPU
		{C6114C8E-E9A6-4B00-8472-92F11FB7CFF4}.Release|Any CPU.ActiveCfg = Release|Any CPU
		{C6114C8E-E9A6-4B00-8472-92F11FB7CFF4}.Release|Any CPU.Build.0 = Release|Any CPU
		{28F569E8-2CA5-4E06-967A-FDB8973694A1}.Debug|Any CPU.ActiveCfg = Debug|Any CPU
		{28F569E8-2CA5-4E06-967A-FDB8973694A1}.Debug|Any CPU.Build.0 = Debug|Any CPU
		{28F569E8-2CA5-4E06-967A-FDB8973694A1}.Default|Any CPU.ActiveCfg = Release|Any CPU
		{28F569E8-2CA5-4E06-967A-FDB8973694A1}.Release|Any CPU.ActiveCfg = Release|Any CPU
		{28F569E8-2CA5-4E06-967A-FDB8973694A1}.Release|Any CPU.Build.0 = Release|Any CPU
		{3D9102FE-BAA5-4B1B-962E-1FEE18B0D4B4}.Debug|Any CPU.ActiveCfg = Debug|Any CPU
		{3D9102FE-BAA5-4B1B-962E-1FEE18B0D4B4}.Debug|Any CPU.Build.0 = Debug|Any CPU
		{3D9102FE-BAA5-4B1B-962E-1FEE18B0D4B4}.Default|Any CPU.ActiveCfg = Release|Any CPU
		{3D9102FE-BAA5-4B1B-962E-1FEE18B0D4B4}.Release|Any CPU.ActiveCfg = Release|Any CPU
		{3D9102FE-BAA5-4B1B-962E-1FEE18B0D4B4}.Release|Any CPU.Build.0 = Release|Any CPU
		{AEABA97A-F4BA-4474-A0C7-A076426DAD45}.Debug|Any CPU.ActiveCfg = Debug|Any CPU
		{AEABA97A-F4BA-4474-A0C7-A076426DAD45}.Debug|Any CPU.Build.0 = Debug|Any CPU
		{AEABA97A-F4BA-4474-A0C7-A076426DAD45}.Default|Any CPU.ActiveCfg = Release|Any CPU
		{AEABA97A-F4BA-4474-A0C7-A076426DAD45}.Release|Any CPU.ActiveCfg = Release|Any CPU
		{AEABA97A-F4BA-4474-A0C7-A076426DAD45}.Release|Any CPU.Build.0 = Release|Any CPU
		{37F3ACE4-0F2F-488E-BDAC-C37F5E7E2817}.Debug|Any CPU.ActiveCfg = Debug|Any CPU
		{37F3ACE4-0F2F-488E-BDAC-C37F5E7E2817}.Debug|Any CPU.Build.0 = Debug|Any CPU
		{37F3ACE4-0F2F-488E-BDAC-C37F5E7E2817}.Default|Any CPU.ActiveCfg = Release|Any CPU
		{37F3ACE4-0F2F-488E-BDAC-C37F5E7E2817}.Release|Any CPU.ActiveCfg = Release|Any CPU
		{37F3ACE4-0F2F-488E-BDAC-C37F5E7E2817}.Release|Any CPU.Build.0 = Release|Any CPU
		{32FD4F05-E394-43F8-AF1C-5542D03A1C7A}.Debug|Any CPU.ActiveCfg = Debug|Any CPU
		{32FD4F05-E394-43F8-AF1C-5542D03A1C7A}.Debug|Any CPU.Build.0 = Debug|Any CPU
		{32FD4F05-E394-43F8-AF1C-5542D03A1C7A}.Default|Any CPU.ActiveCfg = Release|Any CPU
		{32FD4F05-E394-43F8-AF1C-5542D03A1C7A}.Release|Any CPU.ActiveCfg = Release|Any CPU
		{32FD4F05-E394-43F8-AF1C-5542D03A1C7A}.Release|Any CPU.Build.0 = Release|Any CPU
		{C062B4B3-416F-4103-8784-660421A1A784}.Debug|Any CPU.ActiveCfg = Debug|Any CPU
		{C062B4B3-416F-4103-8784-660421A1A784}.Debug|Any CPU.Build.0 = Debug|Any CPU
		{C062B4B3-416F-4103-8784-660421A1A784}.Default|Any CPU.ActiveCfg = Release|Any CPU
		{C062B4B3-416F-4103-8784-660421A1A784}.Release|Any CPU.ActiveCfg = Release|Any CPU
		{C062B4B3-416F-4103-8784-660421A1A784}.Release|Any CPU.Build.0 = Release|Any CPU
		{70983735-04A4-4829-903D-BB7A3B63F515}.Debug|Any CPU.ActiveCfg = Debug|Any CPU
		{70983735-04A4-4829-903D-BB7A3B63F515}.Debug|Any CPU.Build.0 = Debug|Any CPU
		{70983735-04A4-4829-903D-BB7A3B63F515}.Default|Any CPU.ActiveCfg = Release|Any CPU
		{70983735-04A4-4829-903D-BB7A3B63F515}.Release|Any CPU.ActiveCfg = Release|Any CPU
		{70983735-04A4-4829-903D-BB7A3B63F515}.Release|Any CPU.Build.0 = Release|Any CPU
		{ACA841E8-77F7-4B11-A207-4478072A8D69}.Debug|Any CPU.ActiveCfg = Debug|Any CPU
		{ACA841E8-77F7-4B11-A207-4478072A8D69}.Debug|Any CPU.Build.0 = Debug|Any CPU
		{ACA841E8-77F7-4B11-A207-4478072A8D69}.Default|Any CPU.ActiveCfg = Release|Any CPU
		{ACA841E8-77F7-4B11-A207-4478072A8D69}.Release|Any CPU.ActiveCfg = Release|Any CPU
		{ACA841E8-77F7-4B11-A207-4478072A8D69}.Release|Any CPU.Build.0 = Release|Any CPU
		{9C854015-ECB5-4F1D-B784-54167AC556B6}.Debug|Any CPU.ActiveCfg = Debug|Any CPU
		{9C854015-ECB5-4F1D-B784-54167AC556B6}.Debug|Any CPU.Build.0 = Debug|Any CPU
		{9C854015-ECB5-4F1D-B784-54167AC556B6}.Default|Any CPU.ActiveCfg = Release|Any CPU
		{9C854015-ECB5-4F1D-B784-54167AC556B6}.Release|Any CPU.ActiveCfg = Release|Any CPU
		{9C854015-ECB5-4F1D-B784-54167AC556B6}.Release|Any CPU.Build.0 = Release|Any CPU
		{4E7F981A-DCCF-4761-9A3F-CA6A138F0FFF}.Debug|Any CPU.ActiveCfg = Debug|Any CPU
		{4E7F981A-DCCF-4761-9A3F-CA6A138F0FFF}.Debug|Any CPU.Build.0 = Debug|Any CPU
		{4E7F981A-DCCF-4761-9A3F-CA6A138F0FFF}.Default|Any CPU.ActiveCfg = Release|Any CPU
		{4E7F981A-DCCF-4761-9A3F-CA6A138F0FFF}.Release|Any CPU.ActiveCfg = Release|Any CPU
		{4E7F981A-DCCF-4761-9A3F-CA6A138F0FFF}.Release|Any CPU.Build.0 = Release|Any CPU
		{A8930937-AF04-4435-B9DD-C58776E7987A}.Debug|Any CPU.ActiveCfg = Debug|Any CPU
		{A8930937-AF04-4435-B9DD-C58776E7987A}.Debug|Any CPU.Build.0 = Debug|Any CPU
		{A8930937-AF04-4435-B9DD-C58776E7987A}.Default|Any CPU.ActiveCfg = Release|Any CPU
		{A8930937-AF04-4435-B9DD-C58776E7987A}.Release|Any CPU.ActiveCfg = Release|Any CPU
		{A8930937-AF04-4435-B9DD-C58776E7987A}.Release|Any CPU.Build.0 = Release|Any CPU
		{06FCAA57-9150-449A-981B-557A6D9BED41}.Debug|Any CPU.ActiveCfg = Debug|Any CPU
		{06FCAA57-9150-449A-981B-557A6D9BED41}.Debug|Any CPU.Build.0 = Debug|Any CPU
		{06FCAA57-9150-449A-981B-557A6D9BED41}.Default|Any CPU.ActiveCfg = Release|Any CPU
		{06FCAA57-9150-449A-981B-557A6D9BED41}.Release|Any CPU.ActiveCfg = Release|Any CPU
		{06FCAA57-9150-449A-981B-557A6D9BED41}.Release|Any CPU.Build.0 = Release|Any CPU
		{5DE64E6D-79A5-45D4-8858-11AF1C808C7C}.Debug|Any CPU.ActiveCfg = Debug|Any CPU
		{5DE64E6D-79A5-45D4-8858-11AF1C808C7C}.Debug|Any CPU.Build.0 = Debug|Any CPU
		{5DE64E6D-79A5-45D4-8858-11AF1C808C7C}.Default|Any CPU.ActiveCfg = Release|Any CPU
		{5DE64E6D-79A5-45D4-8858-11AF1C808C7C}.Release|Any CPU.ActiveCfg = Release|Any CPU
		{5DE64E6D-79A5-45D4-8858-11AF1C808C7C}.Release|Any CPU.Build.0 = Release|Any CPU
		{3D2A7809-C251-4B00-98B5-7549B7BE3A47}.Debug|Any CPU.ActiveCfg = Debug|Any CPU
		{3D2A7809-C251-4B00-98B5-7549B7BE3A47}.Debug|Any CPU.Build.0 = Debug|Any CPU
		{3D2A7809-C251-4B00-98B5-7549B7BE3A47}.Default|Any CPU.ActiveCfg = Release|Any CPU
		{3D2A7809-C251-4B00-98B5-7549B7BE3A47}.Release|Any CPU.ActiveCfg = Release|Any CPU
		{3D2A7809-C251-4B00-98B5-7549B7BE3A47}.Release|Any CPU.Build.0 = Release|Any CPU
		{BB05D322-A7E0-47F1-AD11-CD41370EE9DE}.Debug|Any CPU.ActiveCfg = Debug|Any CPU
		{BB05D322-A7E0-47F1-AD11-CD41370EE9DE}.Debug|Any CPU.Build.0 = Debug|Any CPU
		{BB05D322-A7E0-47F1-AD11-CD41370EE9DE}.Default|Any CPU.ActiveCfg = Release|Any CPU
		{BB05D322-A7E0-47F1-AD11-CD41370EE9DE}.Release|Any CPU.ActiveCfg = Release|Any CPU
		{BB05D322-A7E0-47F1-AD11-CD41370EE9DE}.Release|Any CPU.Build.0 = Release|Any CPU
		{1B96F486-CF4F-4DD8-83F8-C92F2192DAF9}.Debug|Any CPU.ActiveCfg = Debug|Any CPU
		{1B96F486-CF4F-4DD8-83F8-C92F2192DAF9}.Debug|Any CPU.Build.0 = Debug|Any CPU
		{1B96F486-CF4F-4DD8-83F8-C92F2192DAF9}.Default|Any CPU.ActiveCfg = Release|Any CPU
		{1B96F486-CF4F-4DD8-83F8-C92F2192DAF9}.Release|Any CPU.ActiveCfg = Release|Any CPU
		{1B96F486-CF4F-4DD8-83F8-C92F2192DAF9}.Release|Any CPU.Build.0 = Release|Any CPU
		{7613A7DA-BDC7-4085-A7BF-D1CA944732B9}.Debug|Any CPU.ActiveCfg = Debug|Any CPU
		{7613A7DA-BDC7-4085-A7BF-D1CA944732B9}.Debug|Any CPU.Build.0 = Debug|Any CPU
		{7613A7DA-BDC7-4085-A7BF-D1CA944732B9}.Default|Any CPU.ActiveCfg = Release|Any CPU
		{7613A7DA-BDC7-4085-A7BF-D1CA944732B9}.Release|Any CPU.ActiveCfg = Release|Any CPU
		{7613A7DA-BDC7-4085-A7BF-D1CA944732B9}.Release|Any CPU.Build.0 = Release|Any CPU
		{9F073370-41F8-4D22-94DD-7A4662D513D9}.Debug|Any CPU.ActiveCfg = Debug|Any CPU
		{9F073370-41F8-4D22-94DD-7A4662D513D9}.Debug|Any CPU.Build.0 = Debug|Any CPU
		{9F073370-41F8-4D22-94DD-7A4662D513D9}.Default|Any CPU.ActiveCfg = Release|Any CPU
		{9F073370-41F8-4D22-94DD-7A4662D513D9}.Release|Any CPU.ActiveCfg = Release|Any CPU
		{9F073370-41F8-4D22-94DD-7A4662D513D9}.Release|Any CPU.Build.0 = Release|Any CPU
		{23777BEB-6116-4914-A809-ACDF762557C5}.Debug|Any CPU.ActiveCfg = Debug|Any CPU
		{23777BEB-6116-4914-A809-ACDF762557C5}.Debug|Any CPU.Build.0 = Debug|Any CPU
		{23777BEB-6116-4914-A809-ACDF762557C5}.Default|Any CPU.ActiveCfg = Release|Any CPU
		{23777BEB-6116-4914-A809-ACDF762557C5}.Release|Any CPU.ActiveCfg = Release|Any CPU
		{23777BEB-6116-4914-A809-ACDF762557C5}.Release|Any CPU.Build.0 = Release|Any CPU
		{E101D600-8961-4D7C-9B52-2F11AFDADCF5}.Debug|Any CPU.ActiveCfg = Debug|Any CPU
		{E101D600-8961-4D7C-9B52-2F11AFDADCF5}.Debug|Any CPU.Build.0 = Debug|Any CPU
		{E101D600-8961-4D7C-9B52-2F11AFDADCF5}.Default|Any CPU.ActiveCfg = Release|Any CPU
		{E101D600-8961-4D7C-9B52-2F11AFDADCF5}.Release|Any CPU.ActiveCfg = Release|Any CPU
		{E101D600-8961-4D7C-9B52-2F11AFDADCF5}.Release|Any CPU.Build.0 = Release|Any CPU
		{1F560DD9-67BF-4C47-BBF9-2ED1784A14AA}.Debug|Any CPU.ActiveCfg = Debug|Any CPU
		{1F560DD9-67BF-4C47-BBF9-2ED1784A14AA}.Debug|Any CPU.Build.0 = Debug|Any CPU
		{1F560DD9-67BF-4C47-BBF9-2ED1784A14AA}.Default|Any CPU.ActiveCfg = Release|Any CPU
		{1F560DD9-67BF-4C47-BBF9-2ED1784A14AA}.Release|Any CPU.ActiveCfg = Release|Any CPU
		{1F560DD9-67BF-4C47-BBF9-2ED1784A14AA}.Release|Any CPU.Build.0 = Release|Any CPU
		{36F0044A-6451-4309-ABE2-266E4D39BD17}.Debug|Any CPU.ActiveCfg = Debug|Any CPU
		{36F0044A-6451-4309-ABE2-266E4D39BD17}.Debug|Any CPU.Build.0 = Debug|Any CPU
		{36F0044A-6451-4309-ABE2-266E4D39BD17}.Default|Any CPU.ActiveCfg = Release|Any CPU
		{36F0044A-6451-4309-ABE2-266E4D39BD17}.Release|Any CPU.ActiveCfg = Release|Any CPU
		{36F0044A-6451-4309-ABE2-266E4D39BD17}.Release|Any CPU.Build.0 = Release|Any CPU
		{EB157705-8B83-3077-3B53-648DC7ABD3B3}.Debug|Any CPU.ActiveCfg = Debug|Any CPU
		{EB157705-8B83-3077-3B53-648DC7ABD3B3}.Debug|Any CPU.Build.0 = Debug|Any CPU
		{EB157705-8B83-3077-3B53-648DC7ABD3B3}.Default|Any CPU.ActiveCfg = Release|Any CPU
		{EB157705-8B83-3077-3B53-648DC7ABD3B3}.Default|Any CPU.Build.0 = Release|Any CPU
		{EB157705-8B83-3077-3B53-648DC7ABD3B3}.Release|Any CPU.ActiveCfg = Release|Any CPU
		{EB157705-8B83-3077-3B53-648DC7ABD3B3}.Release|Any CPU.Build.0 = Release|Any CPU
		{3B0194CC-6C11-4008-A3BD-A326C533AC53}.Debug|Any CPU.ActiveCfg = Debug|Any CPU
		{3B0194CC-6C11-4008-A3BD-A326C533AC53}.Debug|Any CPU.Build.0 = Debug|Any CPU
		{3B0194CC-6C11-4008-A3BD-A326C533AC53}.Default|Any CPU.ActiveCfg = Release|Any CPU
		{3B0194CC-6C11-4008-A3BD-A326C533AC53}.Default|Any CPU.Build.0 = Release|Any CPU
		{3B0194CC-6C11-4008-A3BD-A326C533AC53}.Release|Any CPU.ActiveCfg = Release|Any CPU
		{3B0194CC-6C11-4008-A3BD-A326C533AC53}.Release|Any CPU.Build.0 = Release|Any CPU
		{5B3B7EFB-FC73-4060-91B0-28A8334053D2}.Debug|Any CPU.ActiveCfg = Debug|Any CPU
		{5B3B7EFB-FC73-4060-91B0-28A8334053D2}.Debug|Any CPU.Build.0 = Debug|Any CPU
		{5B3B7EFB-FC73-4060-91B0-28A8334053D2}.Default|Any CPU.ActiveCfg = Release|Any CPU
		{5B3B7EFB-FC73-4060-91B0-28A8334053D2}.Default|Any CPU.Build.0 = Release|Any CPU
		{5B3B7EFB-FC73-4060-91B0-28A8334053D2}.Release|Any CPU.ActiveCfg = Release|Any CPU
		{5B3B7EFB-FC73-4060-91B0-28A8334053D2}.Release|Any CPU.Build.0 = Release|Any CPU
	EndGlobalSection
	GlobalSection(SolutionProperties) = preSolution
		HideSolutionNode = FALSE
	EndGlobalSection
	GlobalSection(NestedProjects) = preSolution
		{DBFFBA1C-05ED-4713-973E-752A9AE22F32} = {471A896F-EE13-4BA4-90E2-DD87B047836C}
		{57B6B8B5-F0F6-4D5A-9325-1CB48B5790C5} = {471A896F-EE13-4BA4-90E2-DD87B047836C}
		{B52C2C94-8C77-4B10-9593-A5DDB9319F44} = {471A896F-EE13-4BA4-90E2-DD87B047836C}
		{1CDBCB4C-CA30-403B-9970-4035B1C1DB12} = {471A896F-EE13-4BA4-90E2-DD87B047836C}
		{D6413E80-9027-4804-BF82-F26C8712C50B} = {471A896F-EE13-4BA4-90E2-DD87B047836C}
		{C6114C8E-E9A6-4B00-8472-92F11FB7CFF4} = {471A896F-EE13-4BA4-90E2-DD87B047836C}
		{28F569E8-2CA5-4E06-967A-FDB8973694A1} = {471A896F-EE13-4BA4-90E2-DD87B047836C}
		{3D9102FE-BAA5-4B1B-962E-1FEE18B0D4B4} = {471A896F-EE13-4BA4-90E2-DD87B047836C}
		{AEABA97A-F4BA-4474-A0C7-A076426DAD45} = {471A896F-EE13-4BA4-90E2-DD87B047836C}
		{37F3ACE4-0F2F-488E-BDAC-C37F5E7E2817} = {471A896F-EE13-4BA4-90E2-DD87B047836C}
		{32FD4F05-E394-43F8-AF1C-5542D03A1C7A} = {471A896F-EE13-4BA4-90E2-DD87B047836C}
		{C062B4B3-416F-4103-8784-660421A1A784} = {471A896F-EE13-4BA4-90E2-DD87B047836C}
		{70983735-04A4-4829-903D-BB7A3B63F515} = {471A896F-EE13-4BA4-90E2-DD87B047836C}
		{ACA841E8-77F7-4B11-A207-4478072A8D69} = {471A896F-EE13-4BA4-90E2-DD87B047836C}
		{9C854015-ECB5-4F1D-B784-54167AC556B6} = {471A896F-EE13-4BA4-90E2-DD87B047836C}
		{02EA681E-C7D8-13C7-8484-4AC65E1B71E8} = {471A896F-EE13-4BA4-90E2-DD87B047836C}
		{4E7F981A-DCCF-4761-9A3F-CA6A138F0FFF} = {02EA681E-C7D8-13C7-8484-4AC65E1B71E8}
		{A8930937-AF04-4435-B9DD-C58776E7987A} = {02EA681E-C7D8-13C7-8484-4AC65E1B71E8}
		{06FCAA57-9150-449A-981B-557A6D9BED41} = {02EA681E-C7D8-13C7-8484-4AC65E1B71E8}
		{5DE64E6D-79A5-45D4-8858-11AF1C808C7C} = {471A896F-EE13-4BA4-90E2-DD87B047836C}
		{3D2A7809-C251-4B00-98B5-7549B7BE3A47} = {471A896F-EE13-4BA4-90E2-DD87B047836C}
		{BB05D322-A7E0-47F1-AD11-CD41370EE9DE} = {471A896F-EE13-4BA4-90E2-DD87B047836C}
		{1B96F486-CF4F-4DD8-83F8-C92F2192DAF9} = {471A896F-EE13-4BA4-90E2-DD87B047836C}
		{7613A7DA-BDC7-4085-A7BF-D1CA944732B9} = {02EA681E-C7D8-13C7-8484-4AC65E1B71E8}
		{9F073370-41F8-4D22-94DD-7A4662D513D9} = {471A896F-EE13-4BA4-90E2-DD87B047836C}
		{23777BEB-6116-4914-A809-ACDF762557C5} = {471A896F-EE13-4BA4-90E2-DD87B047836C}
		{E101D600-8961-4D7C-9B52-2F11AFDADCF5} = {02EA681E-C7D8-13C7-8484-4AC65E1B71E8}
		{1F560DD9-67BF-4C47-BBF9-2ED1784A14AA} = {471A896F-EE13-4BA4-90E2-DD87B047836C}
		{36F0044A-6451-4309-ABE2-266E4D39BD17} = {471A896F-EE13-4BA4-90E2-DD87B047836C}
	EndGlobalSection
	GlobalSection(ExtensibilityGlobals) = postSolution
		SolutionGuid = {BE9EBB78-764A-4BF8-B56D-F067A337D66C}
	EndGlobalSection
EndGlobal
